
Microsoft Visual Studio Solution File, Format Version 12.00
# Visual Studio Version 17
VisualStudioVersion = 17.5.33502.453
MinimumVisualStudioVersion = 10.0.40219.1
Project("{FAE04EC0-301F-11D3-BF4B-00C04F79EFBC}") = "Laba10_1", "Laba10_1\Laba10_1.csproj", "{C1B4AF38-90B5-4046-97E1-0D748198659A}"
EndProject
Global
	GlobalSection(SolutionConfigurationPlatforms) = preSolution
		Debug|Any CPU = Debug|Any CPU
		Release|Any CPU = Release|Any CPU
	EndGlobalSection
	GlobalSection(ProjectConfigurationPlatforms) = postSolution
		{C1B4AF38-90B5-4046-97E1-0D748198659A}.Debug|Any CPU.ActiveCfg = Debug|Any CPU
		{C1B4AF38-90B5-4046-97E1-0D748198659A}.Debug|Any CPU.Build.0 = Debug|Any CPU
		{C1B4AF38-90B5-4046-97E1-0D748198659A}.Release|Any CPU.ActiveCfg = Release|Any CPU
		{C1B4AF38-90B5-4046-97E1-0D748198659A}.Release|Any CPU.Build.0 = Release|Any CPU
	EndGlobalSection
	GlobalSection(SolutionProperties) = preSolution
		HideSolutionNode = FALSE
	EndGlobalSection
	GlobalSection(ExtensibilityGlobals) = postSolution
		SolutionGuid = {0F89D64B-9195-4505-967F-5193D843999F}
	EndGlobalSection
EndGlobal
