
Microsoft Visual Studio Solution File, Format Version 12.00
# Visual Studio Version 17
VisualStudioVersion = 17.5.33502.453
MinimumVisualStudioVersion = 10.0.40219.1
Project("{FAE04EC0-301F-11D3-BF4B-00C04F79EFBC}") = "Laba9", "Laba9\Laba9.csproj", "{0355F83F-7338-4453-B05E-6872456AC503}"
EndProject
Global
	GlobalSection(SolutionConfigurationPlatforms) = preSolution
		Debug|Any CPU = Debug|Any CPU
		Release|Any CPU = Release|Any CPU
	EndGlobalSection
	GlobalSection(ProjectConfigurationPlatforms) = postSolution
		{0355F83F-7338-4453-B05E-6872456AC503}.Debug|Any CPU.ActiveCfg = Debug|Any CPU
		{0355F83F-7338-4453-B05E-6872456AC503}.Debug|Any CPU.Build.0 = Debug|Any CPU
		{0355F83F-7338-4453-B05E-6872456AC503}.Release|Any CPU.ActiveCfg = Release|Any CPU
		{0355F83F-7338-4453-B05E-6872456AC503}.Release|Any CPU.Build.0 = Release|Any CPU
	EndGlobalSection
	GlobalSection(SolutionProperties) = preSolution
		HideSolutionNode = FALSE
	EndGlobalSection
	GlobalSection(ExtensibilityGlobals) = postSolution
		SolutionGuid = {C251D56A-FE29-4330-B853-C075002218C2}
	EndGlobalSection
EndGlobal
