
Microsoft Visual Studio Solution File, Format Version 12.00
# Visual Studio Version 17
VisualStudioVersion = 17.5.33502.453
MinimumVisualStudioVersion = 10.0.40219.1
Project("{FAE04EC0-301F-11D3-BF4B-00C04F79EFBC}") = "Laba7_3", "Laba7_3\Laba7_3.csproj", "{FF80EE07-6CF5-4B1E-8813-1E4D9299B6CC}"
EndProject
Global
	GlobalSection(SolutionConfigurationPlatforms) = preSolution
		Debug|Any CPU = Debug|Any CPU
		Release|Any CPU = Release|Any CPU
	EndGlobalSection
	GlobalSection(ProjectConfigurationPlatforms) = postSolution
		{FF80EE07-6CF5-4B1E-8813-1E4D9299B6CC}.Debug|Any CPU.ActiveCfg = Debug|Any CPU
		{FF80EE07-6CF5-4B1E-8813-1E4D9299B6CC}.Debug|Any CPU.Build.0 = Debug|Any CPU
		{FF80EE07-6CF5-4B1E-8813-1E4D9299B6CC}.Release|Any CPU.ActiveCfg = Release|Any CPU
		{FF80EE07-6CF5-4B1E-8813-1E4D9299B6CC}.Release|Any CPU.Build.0 = Release|Any CPU
	EndGlobalSection
	GlobalSection(SolutionProperties) = preSolution
		HideSolutionNode = FALSE
	EndGlobalSection
	GlobalSection(ExtensibilityGlobals) = postSolution
		SolutionGuid = {EF011851-C797-4DBD-BEF1-B7496500235E}
	EndGlobalSection
EndGlobal
