
Microsoft Visual Studio Solution File, Format Version 12.00
# Visual Studio Version 17
VisualStudioVersion = 17.5.33502.453
MinimumVisualStudioVersion = 10.0.40219.1
Project("{FAE04EC0-301F-11D3-BF4B-00C04F79EFBC}") = "Laba6_2", "Laba6_2\Laba6_2.csproj", "{60654CF3-759E-4F8F-BD6C-93D92008F927}"
EndProject
Global
	GlobalSection(SolutionConfigurationPlatforms) = preSolution
		Debug|Any CPU = Debug|Any CPU
		Release|Any CPU = Release|Any CPU
	EndGlobalSection
	GlobalSection(ProjectConfigurationPlatforms) = postSolution
		{60654CF3-759E-4F8F-BD6C-93D92008F927}.Debug|Any CPU.ActiveCfg = Debug|Any CPU
		{60654CF3-759E-4F8F-BD6C-93D92008F927}.Debug|Any CPU.Build.0 = Debug|Any CPU
		{60654CF3-759E-4F8F-BD6C-93D92008F927}.Release|Any CPU.ActiveCfg = Release|Any CPU
		{60654CF3-759E-4F8F-BD6C-93D92008F927}.Release|Any CPU.Build.0 = Release|Any CPU
	EndGlobalSection
	GlobalSection(SolutionProperties) = preSolution
		HideSolutionNode = FALSE
	EndGlobalSection
	GlobalSection(ExtensibilityGlobals) = postSolution
		SolutionGuid = {F0C8F695-A912-415C-9171-F7A12DC1AEEE}
	EndGlobalSection
EndGlobal
