
Microsoft Visual Studio Solution File, Format Version 12.00
# Visual Studio Version 17
VisualStudioVersion = 17.5.33502.453
MinimumVisualStudioVersion = 10.0.40219.1
Project("{FAE04EC0-301F-11D3-BF4B-00C04F79EFBC}") = "Laba4_2", "Laba4_2\Laba4_2.csproj", "{088AFC32-BE6D-48F7-AD14-10F3D83D8546}"
EndProject
Global
	GlobalSection(SolutionConfigurationPlatforms) = preSolution
		Debug|Any CPU = Debug|Any CPU
		Release|Any CPU = Release|Any CPU
	EndGlobalSection
	GlobalSection(ProjectConfigurationPlatforms) = postSolution
		{088AFC32-BE6D-48F7-AD14-10F3D83D8546}.Debug|Any CPU.ActiveCfg = Debug|Any CPU
		{088AFC32-BE6D-48F7-AD14-10F3D83D8546}.Debug|Any CPU.Build.0 = Debug|Any CPU
		{088AFC32-BE6D-48F7-AD14-10F3D83D8546}.Release|Any CPU.ActiveCfg = Release|Any CPU
		{088AFC32-BE6D-48F7-AD14-10F3D83D8546}.Release|Any CPU.Build.0 = Release|Any CPU
	EndGlobalSection
	GlobalSection(SolutionProperties) = preSolution
		HideSolutionNode = FALSE
	EndGlobalSection
	GlobalSection(ExtensibilityGlobals) = postSolution
		SolutionGuid = {DA03E919-DDE2-4839-9C07-93E108375F20}
	EndGlobalSection
EndGlobal
