
Microsoft Visual Studio Solution File, Format Version 12.00
# Visual Studio Version 17
VisualStudioVersion = 17.5.33502.453
MinimumVisualStudioVersion = 10.0.40219.1
Project("{FAE04EC0-301F-11D3-BF4B-00C04F79EFBC}") = "Laba10_2", "Laba10_2\Laba10_2.csproj", "{22B564E4-8480-48C4-B448-BED737558F60}"
EndProject
Global
	GlobalSection(SolutionConfigurationPlatforms) = preSolution
		Debug|Any CPU = Debug|Any CPU
		Release|Any CPU = Release|Any CPU
	EndGlobalSection
	GlobalSection(ProjectConfigurationPlatforms) = postSolution
		{22B564E4-8480-48C4-B448-BED737558F60}.Debug|Any CPU.ActiveCfg = Debug|Any CPU
		{22B564E4-8480-48C4-B448-BED737558F60}.Debug|Any CPU.Build.0 = Debug|Any CPU
		{22B564E4-8480-48C4-B448-BED737558F60}.Release|Any CPU.ActiveCfg = Release|Any CPU
		{22B564E4-8480-48C4-B448-BED737558F60}.Release|Any CPU.Build.0 = Release|Any CPU
	EndGlobalSection
	GlobalSection(SolutionProperties) = preSolution
		HideSolutionNode = FALSE
	EndGlobalSection
	GlobalSection(ExtensibilityGlobals) = postSolution
		SolutionGuid = {F22E3A34-C73C-48DB-A729-01CA6B1143DA}
	EndGlobalSection
EndGlobal
