
Microsoft Visual Studio Solution File, Format Version 12.00
# Visual Studio Version 17
VisualStudioVersion = 17.5.33502.453
MinimumVisualStudioVersion = 10.0.40219.1
Project("{FAE04EC0-301F-11D3-BF4B-00C04F79EFBC}") = "Laba8_3", "Laba8_3\Laba8_3.csproj", "{9F865AA3-3E93-4D66-9680-E74B6CEEE6EF}"
EndProject
Global
	GlobalSection(SolutionConfigurationPlatforms) = preSolution
		Debug|Any CPU = Debug|Any CPU
		Release|Any CPU = Release|Any CPU
	EndGlobalSection
	GlobalSection(ProjectConfigurationPlatforms) = postSolution
		{9F865AA3-3E93-4D66-9680-E74B6CEEE6EF}.Debug|Any CPU.ActiveCfg = Debug|Any CPU
		{9F865AA3-3E93-4D66-9680-E74B6CEEE6EF}.Debug|Any CPU.Build.0 = Debug|Any CPU
		{9F865AA3-3E93-4D66-9680-E74B6CEEE6EF}.Release|Any CPU.ActiveCfg = Release|Any CPU
		{9F865AA3-3E93-4D66-9680-E74B6CEEE6EF}.Release|Any CPU.Build.0 = Release|Any CPU
	EndGlobalSection
	GlobalSection(SolutionProperties) = preSolution
		HideSolutionNode = FALSE
	EndGlobalSection
	GlobalSection(ExtensibilityGlobals) = postSolution
		SolutionGuid = {B251C08C-A099-48FA-AE0D-8BF8F247688E}
	EndGlobalSection
EndGlobal
